
Microsoft Visual Studio Solution File, Format Version 12.00
# Visual Studio Version 16
VisualStudioVersion = 16.0.31624.102
MinimumVisualStudioVersion = 10.0.40219.1
Project("{FAE04EC0-301F-11D3-BF4B-00C04F79EFBC}") = "ConsoleApp3_3", "ConsoleApp3_3\ConsoleApp3_3.csproj", "{DD405F8C-E312-499A-804C-EB595782D3C7}"
EndProject
Global
	GlobalSection(SolutionConfigurationPlatforms) = preSolution
		Debug|Any CPU = Debug|Any CPU
		Release|Any CPU = Release|Any CPU
	EndGlobalSection
	GlobalSection(ProjectConfigurationPlatforms) = postSolution
		{DD405F8C-E312-499A-804C-EB595782D3C7}.Debug|Any CPU.ActiveCfg = Debug|Any CPU
		{DD405F8C-E312-499A-804C-EB595782D3C7}.Debug|Any CPU.Build.0 = Debug|Any CPU
		{DD405F8C-E312-499A-804C-EB595782D3C7}.Release|Any CPU.ActiveCfg = Release|Any CPU
		{DD405F8C-E312-499A-804C-EB595782D3C7}.Release|Any CPU.Build.0 = Release|Any CPU
	EndGlobalSection
	GlobalSection(SolutionProperties) = preSolution
		HideSolutionNode = FALSE
	EndGlobalSection
	GlobalSection(ExtensibilityGlobals) = postSolution
		SolutionGuid = {674823C9-8C57-4B27-B917-10CE68C9D494}
	EndGlobalSection
EndGlobal
